// !$*UTF8*$!
{
	archiveVersion = 1;
	classes = {
	};
	objectVersion = 48;
	objects = {

/* Begin PBXBuildFile section */
		5808691F20B993EF005B336B /* Main.storyboard in Resources */ = {isa = PBXBuildFile; fileRef = 5808691D20B993EF005B336B /* Main.storyboard */; };
		5808692120B993FC005B336B /* GameViewController.swift in Sources */ = {isa = PBXBuildFile; fileRef = 5808692020B993FC005B336B /* GameViewController.swift */; };
		584C6E5320B63EC800517A29 /* AppDelegate.swift in Sources */ = {isa = PBXBuildFile; fileRef = 584C6E5220B63EC800517A29 /* AppDelegate.swift */; };
		584C6E5520B63EC800517A29 /* ViewController.swift in Sources */ = {isa = PBXBuildFile; fileRef = 584C6E5420B63EC800517A29 /* ViewController.swift */; };
		584C6E5A20B63EC800517A29 /* Assets.xcassets in Resources */ = {isa = PBXBuildFile; fileRef = 584C6E5920B63EC800517A29 /* Assets.xcassets */; };
		584C6E5D20B63EC800517A29 /* LaunchScreen.storyboard in Resources */ = {isa = PBXBuildFile; fileRef = 584C6E5B20B63EC800517A29 /* LaunchScreen.storyboard */; };
		584C6E6820B63EC800517A29 /* IOS_ASSIGNMENT_3Tests.swift in Sources */ = {isa = PBXBuildFile; fileRef = 584C6E6720B63EC800517A29 /* IOS_ASSIGNMENT_3Tests.swift */; };
		584C6E7320B63EC800517A29 /* IOS_ASSIGNMENT_3UITests.swift in Sources */ = {isa = PBXBuildFile; fileRef = 584C6E7220B63EC800517A29 /* IOS_ASSIGNMENT_3UITests.swift */; };
/* End PBXBuildFile section */

/* Begin PBXContainerItemProxy section */
		584C6E6420B63EC800517A29 /* PBXContainerItemProxy */ = {
			isa = PBXContainerItemProxy;
			containerPortal = 584C6E4720B63EC800517A29 /* Project object */;
			proxyType = 1;
			remoteGlobalIDString = 584C6E4E20B63EC800517A29;
			remoteInfo = "IOS ASSIGNMENT 3";
		};
		584C6E6F20B63EC800517A29 /* PBXContainerItemProxy */ = {
			isa = PBXContainerItemProxy;
			containerPortal = 584C6E4720B63EC800517A29 /* Project object */;
			proxyType = 1;
			remoteGlobalIDString = 584C6E4E20B63EC800517A29;
			remoteInfo = "IOS ASSIGNMENT 3";
		};
/* End PBXContainerItemProxy section */

/* Begin PBXFileReference section */
		5808691E20B993EF005B336B /* Base */ = {isa = PBXFileReference; lastKnownFileType = file.storyboard; name = Base; path = "../../../../../Desktop/IOS ASSIGNMENT 3/IOS ASSIGNMENT 3/Base.lproj/Main.storyboard"; sourceTree = "<group>"; };
		5808692020B993FC005B336B /* GameViewController.swift */ = {isa = PBXFileReference; fileEncoding = 4; lastKnownFileType = sourcecode.swift; name = GameViewController.swift; path = "../../../../../Desktop/IOS ASSIGNMENT 3/IOS ASSIGNMENT 3/GameViewController.swift"; sourceTree = "<group>"; };
		584C6E4F20B63EC800517A29 /* IOS ASSIGNMENT 3.app */ = {isa = PBXFileReference; explicitFileType = wrapper.application; includeInIndex = 0; path = "IOS ASSIGNMENT 3.app"; sourceTree = BUILT_PRODUCTS_DIR; };
		584C6E5220B63EC800517A29 /* AppDelegate.swift */ = {isa = PBXFileReference; lastKnownFileType = sourcecode.swift; path = AppDelegate.swift; sourceTree = "<group>"; };
		584C6E5420B63EC800517A29 /* ViewController.swift */ = {isa = PBXFileReference; lastKnownFileType = sourcecode.swift; path = ViewController.swift; sourceTree = "<group>"; };
		584C6E5920B63EC800517A29 /* Assets.xcassets */ = {isa = PBXFileReference; lastKnownFileType = folder.assetcatalog; path = Assets.xcassets; sourceTree = "<group>"; };
		584C6E5C20B63EC800517A29 /* Base */ = {isa = PBXFileReference; lastKnownFileType = file.storyboard; name = Base; path = Base.lproj/LaunchScreen.storyboard; sourceTree = "<group>"; };
		584C6E5E20B63EC800517A29 /* Info.plist */ = {isa = PBXFileReference; lastKnownFileType = text.plist.xml; path = Info.plist; sourceTree = "<group>"; };
		584C6E6320B63EC800517A29 /* IOS ASSIGNMENT 3Tests.xctest */ = {isa = PBXFileReference; explicitFileType = wrapper.cfbundle; includeInIndex = 0; path = "IOS ASSIGNMENT 3Tests.xctest"; sourceTree = BUILT_PRODUCTS_DIR; };
		584C6E6720B63EC800517A29 /* IOS_ASSIGNMENT_3Tests.swift */ = {isa = PBXFileReference; lastKnownFileType = sourcecode.swift; path = IOS_ASSIGNMENT_3Tests.swift; sourceTree = "<group>"; };
		584C6E6920B63EC800517A29 /* Info.plist */ = {isa = PBXFileReference; lastKnownFileType = text.plist.xml; path = Info.plist; sourceTree = "<group>"; };
		584C6E6E20B63EC800517A29 /* IOS ASSIGNMENT 3UITests.xctest */ = {isa = PBXFileReference; explicitFileType = wrapper.cfbundle; includeInIndex = 0; path = "IOS ASSIGNMENT 3UITests.xctest"; sourceTree = BUILT_PRODUCTS_DIR; };
		584C6E7220B63EC800517A29 /* IOS_ASSIGNMENT_3UITests.swift */ = {isa = PBXFileReference; lastKnownFileType = sourcecode.swift; path = IOS_ASSIGNMENT_3UITests.swift; sourceTree = "<group>"; };
		584C6E7420B63EC800517A29 /* Info.plist */ = {isa = PBXFileReference; lastKnownFileType = text.plist.xml; path = Info.plist; sourceTree = "<group>"; };
/* End PBXFileReference section */

/* Begin PBXFrameworksBuildPhase section */
		584C6E4C20B63EC800517A29 /* Frameworks */ = {
			isa = PBXFrameworksBuildPhase;
			buildActionMask = 2147483647;
			files = (
			);
			runOnlyForDeploymentPostprocessing = 0;
		};
		584C6E6020B63EC800517A29 /* Frameworks */ = {
			isa = PBXFrameworksBuildPhase;
			buildActionMask = 2147483647;
			files = (
			);
			runOnlyForDeploymentPostprocessing = 0;
		};
		584C6E6B20B63EC800517A29 /* Frameworks */ = {
			isa = PBXFrameworksBuildPhase;
			buildActionMask = 2147483647;
			files = (
			);
			runOnlyForDeploymentPostprocessing = 0;
		};
/* End PBXFrameworksBuildPhase section */

/* Begin PBXGroup section */
		584C6E4620B63EC800517A29 = {
			isa = PBXGroup;
			children = (
				584C6E5120B63EC800517A29 /* IOS ASSIGNMENT 3 */,
				584C6E6620B63EC800517A29 /* IOS ASSIGNMENT 3Tests */,
				584C6E7120B63EC800517A29 /* IOS ASSIGNMENT 3UITests */,
				584C6E5020B63EC800517A29 /* Products */,
			);
			sourceTree = "<group>";
		};
		584C6E5020B63EC800517A29 /* Products */ = {
			isa = PBXGroup;
			children = (
				584C6E4F20B63EC800517A29 /* IOS ASSIGNMENT 3.app */,
				584C6E6320B63EC800517A29 /* IOS ASSIGNMENT 3Tests.xctest */,
				584C6E6E20B63EC800517A29 /* IOS ASSIGNMENT 3UITests.xctest */,
			);
			name = Products;
			sourceTree = "<group>";
		};
		584C6E5120B63EC800517A29 /* IOS ASSIGNMENT 3 */ = {
			isa = PBXGroup;
			children = (
				584C6E5220B63EC800517A29 /* AppDelegate.swift */,
				584C6E5420B63EC800517A29 /* ViewController.swift */,
				5808692020B993FC005B336B /* GameViewController.swift */,
				5808691D20B993EF005B336B /* Main.storyboard */,
				584C6E5920B63EC800517A29 /* Assets.xcassets */,
				584C6E5B20B63EC800517A29 /* LaunchScreen.storyboard */,
				584C6E5E20B63EC800517A29 /* Info.plist */,
			);
			path = "IOS ASSIGNMENT 3";
			sourceTree = "<group>";
		};
		584C6E6620B63EC800517A29 /* IOS ASSIGNMENT 3Tests */ = {
			isa = PBXGroup;
			children = (
				584C6E6720B63EC800517A29 /* IOS_ASSIGNMENT_3Tests.swift */,
				584C6E6920B63EC800517A29 /* Info.plist */,
			);
			path = "IOS ASSIGNMENT 3Tests";
			sourceTree = "<group>";
		};
		584C6E7120B63EC800517A29 /* IOS ASSIGNMENT 3UITests */ = {
			isa = PBXGroup;
			children = (
				584C6E7220B63EC800517A29 /* IOS_ASSIGNMENT_3UITests.swift */,
				584C6E7420B63EC800517A29 /* Info.plist */,
			);
			path = "IOS ASSIGNMENT 3UITests";
			sourceTree = "<group>";
		};
/* End PBXGroup section */

/* Begin PBXNativeTarget section */
		584C6E4E20B63EC800517A29 /* IOS ASSIGNMENT 3 */ = {
			isa = PBXNativeTarget;
			buildConfigurationList = 584C6E7720B63EC800517A29 /* Build configuration list for PBXNativeTarget "IOS ASSIGNMENT 3" */;
			buildPhases = (
				584C6E4B20B63EC800517A29 /* Sources */,
				584C6E4C20B63EC800517A29 /* Frameworks */,
				584C6E4D20B63EC800517A29 /* Resources */,
			);
			buildRules = (
			);
			dependencies = (
			);
			name = "IOS ASSIGNMENT 3";
			productName = "IOS ASSIGNMENT 3";
			productReference = 584C6E4F20B63EC800517A29 /* IOS ASSIGNMENT 3.app */;
			productType = "com.apple.product-type.application";
		};
		584C6E6220B63EC800517A29 /* IOS ASSIGNMENT 3Tests */ = {
			isa = PBXNativeTarget;
			buildConfigurationList = 584C6E7A20B63EC800517A29 /* Build configuration list for PBXNativeTarget "IOS ASSIGNMENT 3Tests" */;
			buildPhases = (
				584C6E5F20B63EC800517A29 /* Sources */,
				584C6E6020B63EC800517A29 /* Frameworks */,
				584C6E6120B63EC800517A29 /* Resources */,
			);
			buildRules = (
			);
			dependencies = (
				584C6E6520B63EC800517A29 /* PBXTargetDependency */,
			);
			name = "IOS ASSIGNMENT 3Tests";
			productName = "IOS ASSIGNMENT 3Tests";
			productReference = 584C6E6320B63EC800517A29 /* IOS ASSIGNMENT 3Tests.xctest */;
			productType = "com.apple.product-type.bundle.unit-test";
		};
		584C6E6D20B63EC800517A29 /* IOS ASSIGNMENT 3UITests */ = {
			isa = PBXNativeTarget;
			buildConfigurationList = 584C6E7D20B63EC800517A29 /* Build configuration list for PBXNativeTarget "IOS ASSIGNMENT 3UITests" */;
			buildPhases = (
				584C6E6A20B63EC800517A29 /* Sources */,
				584C6E6B20B63EC800517A29 /* Frameworks */,
				584C6E6C20B63EC800517A29 /* Resources */,
			);
			buildRules = (
			);
			dependencies = (
				584C6E7020B63EC800517A29 /* PBXTargetDependency */,
			);
			name = "IOS ASSIGNMENT 3UITests";
			productName = "IOS ASSIGNMENT 3UITests";
			productReference = 584C6E6E20B63EC800517A29 /* IOS ASSIGNMENT 3UITests.xctest */;
			productType = "com.apple.product-type.bundle.ui-testing";
		};
/* End PBXNativeTarget section */

/* Begin PBXProject section */
		584C6E4720B63EC800517A29 /* Project object */ = {
			isa = PBXProject;
			attributes = {
				LastSwiftUpdateCheck = 0920;
				LastUpgradeCheck = 0920;
				ORGANIZATIONNAME = "Xufeng Yuan";
				TargetAttributes = {
					584C6E4E20B63EC800517A29 = {
						CreatedOnToolsVersion = 9.2;
						ProvisioningStyle = Automatic;
					};
					584C6E6220B63EC800517A29 = {
						CreatedOnToolsVersion = 9.2;
						ProvisioningStyle = Automatic;
						TestTargetID = 584C6E4E20B63EC800517A29;
					};
					584C6E6D20B63EC800517A29 = {
						CreatedOnToolsVersion = 9.2;
						ProvisioningStyle = Automatic;
						TestTargetID = 584C6E4E20B63EC800517A29;
					};
				};
			};
			buildConfigurationList = 584C6E4A20B63EC800517A29 /* Build configuration list for PBXProject "IOS ASSIGNMENT 3" */;
			compatibilityVersion = "Xcode 8.0";
			developmentRegion = en;
			hasScannedForEncodings = 0;
			knownRegions = (
				en,
				Base,
			);
			mainGroup = 584C6E4620B63EC800517A29;
			productRefGroup = 584C6E5020B63EC800517A29 /* Products */;
			projectDirPath = "";
			projectRoot = "";
			targets = (
				584C6E4E20B63EC800517A29 /* IOS ASSIGNMENT 3 */,
				584C6E6220B63EC800517A29 /* IOS ASSIGNMENT 3Tests */,
				584C6E6D20B63EC800517A29 /* IOS ASSIGNMENT 3UITests */,
			);
		};
/* End PBXProject section */

/* Begin PBXResourcesBuildPhase section */
		584C6E4D20B63EC800517A29 /* Resources */ = {
			isa = PBXResourcesBuildPhase;
			buildActionMask = 2147483647;
			files = (
				5808691F20B993EF005B336B /* Main.storyboard in Resources */,
				584C6E5D20B63EC800517A29 /* LaunchScreen.storyboard in Resources */,
				584C6E5A20B63EC800517A29 /* Assets.xcassets in Resources */,
			);
			runOnlyForDeploymentPostprocessing = 0;
		};
		584C6E6120B63EC800517A29 /* Resources */ = {
			isa = PBXResourcesBuildPhase;
			buildActionMask = 2147483647;
			files = (
			);
			runOnlyForDeploymentPostprocessing = 0;
		};
		584C6E6C20B63EC800517A29 /* Resources */ = {
			isa = PBXResourcesBuildPhase;
			buildActionMask = 2147483647;
			files = (
			);
			runOnlyForDeploymentPostprocessing = 0;
		};
/* End PBXResourcesBuildPhase section */

/* Begin PBXSourcesBuildPhase section */
		584C6E4B20B63EC800517A29 /* Sources */ = {
			isa = PBXSourcesBuildPhase;
			buildActionMask = 2147483647;
			files = (
				584C6E5520B63EC800517A29 /* ViewController.swift in Sources */,
				5808692120B993FC005B336B /* GameViewController.swift in Sources */,
				584C6E5320B63EC800517A29 /* AppDelegate.swift in Sources */,
			);
			runOnlyForDeploymentPostprocessing = 0;
		};
		584C6E5F20B63EC800517A29 /* Sources */ = {
			isa = PBXSourcesBuildPhase;
			buildActionMask = 2147483647;
			files = (
				584C6E6820B63EC800517A29 /* IOS_ASSIGNMENT_3Tests.swift in Sources */,
			);
			runOnlyForDeploymentPostprocessing = 0;
		};
		584C6E6A20B63EC800517A29 /* Sources */ = {
			isa = PBXSourcesBuildPhase;
			buildActionMask = 2147483647;
			files = (
				584C6E7320B63EC800517A29 /* IOS_ASSIGNMENT_3UITests.swift in Sources */,
			);
			runOnlyForDeploymentPostprocessing = 0;
		};
/* End PBXSourcesBuildPhase section */

/* Begin PBXTargetDependency section */
		584C6E6520B63EC800517A29 /* PBXTargetDependency */ = {
			isa = PBXTargetDependency;
			target = 584C6E4E20B63EC800517A29 /* IOS ASSIGNMENT 3 */;
			targetProxy = 584C6E6420B63EC800517A29 /* PBXContainerItemProxy */;
		};
		584C6E7020B63EC800517A29 /* PBXTargetDependency */ = {
			isa = PBXTargetDependency;
			target = 584C6E4E20B63EC800517A29 /* IOS ASSIGNMENT 3 */;
			targetProxy = 584C6E6F20B63EC800517A29 /* PBXContainerItemProxy */;
		};
/* End PBXTargetDependency section */

/* Begin PBXVariantGroup section */
		5808691D20B993EF005B336B /* Main.storyboard */ = {
			isa = PBXVariantGroup;
			children = (
				5808691E20B993EF005B336B /* Base */,
			);
			name = Main.storyboard;
			sourceTree = "<group>";
		};
		584C6E5B20B63EC800517A29 /* LaunchScreen.storyboard */ = {
			isa = PBXVariantGroup;
			children = (
				584C6E5C20B63EC800517A29 /* Base */,
			);
			name = LaunchScreen.storyboard;
			sourceTree = "<group>";
		};
/* End PBXVariantGroup section */

/* Begin XCBuildConfiguration section */
		584C6E7520B63EC800517A29 /* Debug */ = {
			isa = XCBuildConfiguration;
			buildSettings = {
				ALWAYS_SEARCH_USER_PATHS = NO;
				CLANG_ANALYZER_NONNULL = YES;
				CLANG_ANALYZER_NUMBER_OBJECT_CONVERSION = YES_AGGRESSIVE;
				CLANG_CXX_LANGUAGE_STANDARD = "gnu++14";
				CLANG_CXX_LIBRARY = "libc++";
				CLANG_ENABLE_MODULES = YES;
				CLANG_ENABLE_OBJC_ARC = YES;
				CLANG_WARN_BLOCK_CAPTURE_AUTORELEASING = YES;
				CLANG_WARN_BOOL_CONVERSION = YES;
				CLANG_WARN_COMMA = YES;
				CLANG_WARN_CONSTANT_CONVERSION = YES;
				CLANG_WARN_DIRECT_OBJC_ISA_USAGE = YES_ERROR;
				CLANG_WARN_DOCUMENTATION_COMMENTS = YES;
				CLANG_WARN_EMPTY_BODY = YES;
				CLANG_WARN_ENUM_CONVERSION = YES;
				CLANG_WARN_INFINITE_RECURSION = YES;
				CLANG_WARN_INT_CONVERSION = YES;
				CLANG_WARN_NON_LITERAL_NULL_CONVERSION = YES;
				CLANG_WARN_OBJC_LITERAL_CONVERSION = YES;
				CLANG_WARN_OBJC_ROOT_CLASS = YES_ERROR;
				CLANG_WARN_RANGE_LOOP_ANALYSIS = YES;
				CLANG_WARN_STRICT_PROTOTYPES = YES;
				CLANG_WARN_SUSPICIOUS_MOVE = YES;
				CLANG_WARN_UNGUARDED_AVAILABILITY = YES_AGGRESSIVE;
				CLANG_WARN_UNREACHABLE_CODE = YES;
				CLANG_WARN__DUPLICATE_METHOD_MATCH = YES;
				CODE_SIGN_IDENTITY = "iPhone Developer";
				COPY_PHASE_STRIP = NO;
				DEBUG_INFORMATION_FORMAT = dwarf;
				ENABLE_STRICT_OBJC_MSGSEND = YES;
				ENABLE_TESTABILITY = YES;
				GCC_C_LANGUAGE_STANDARD = gnu11;
				GCC_DYNAMIC_NO_PIC = NO;
				GCC_NO_COMMON_BLOCKS = YES;
				GCC_OPTIMIZATION_LEVEL = 0;
				GCC_PREPROCESSOR_DEFINITIONS = (
					"DEBUG=1",
					"$(inherited)",
				);
				GCC_WARN_64_TO_32_BIT_CONVERSION = YES;
				GCC_WARN_ABOUT_RETURN_TYPE = YES_ERROR;
				GCC_WARN_UNDECLARED_SELECTOR = YES;
				GCC_WARN_UNINITIALIZED_AUTOS = YES_AGGRESSIVE;
				GCC_WARN_UNUSED_FUNCTION = YES;
				GCC_WARN_UNUSED_VARIABLE = YES;
				IPHONEOS_DEPLOYMENT_TARGET = 11.2;
				MTL_ENABLE_DEBUG_INFO = YES;
				ONLY_ACTIVE_ARCH = YES;
				SDKROOT = iphoneos;
				SWIFT_ACTIVE_COMPILATION_CONDITIONS = DEBUG;
				SWIFT_OPTIMIZATION_LEVEL = "-Onone";
			};
			name = Debug;
		};
		584C6E7620B63EC800517A29 /* Release */ = {
			isa = XCBuildConfiguration;
			buildSettings = {
				ALWAYS_SEARCH_USER_PATHS = NO;
				CLANG_ANALYZER_NONNULL = YES;
				CLANG_ANALYZER_NUMBER_OBJECT_CONVERSION = YES_AGGRESSIVE;
				CLANG_CXX_LANGUAGE_STANDARD = "gnu++14";
				CLANG_CXX_LIBRARY = "libc++";
				CLANG_ENABLE_MODULES = YES;
				CLANG_ENABLE_OBJC_ARC = YES;
				CLANG_WARN_BLOCK_CAPTURE_AUTORELEASING = YES;
				CLANG_WARN_BOOL_CONVERSION = YES;
				CLANG_WARN_COMMA = YES;
				CLANG_WARN_CONSTANT_CONVERSION = YES;
				CLANG_WARN_DIRECT_OBJC_ISA_USAGE = YES_ERROR;
				CLANG_WARN_DOCUMENTATION_COMMENTS = YES;
				CLANG_WARN_EMPTY_BODY = YES;
				CLANG_WARN_ENUM_CONVERSION = YES;
				CLANG_WARN_INFINITE_RECURSION = YES;
				CLANG_WARN_INT_CONVERSION = YES;
				CLANG_WARN_NON_LITERAL_NULL_CONVERSION = YES;
				CLANG_WARN_OBJC_LITERAL_CONVERSION = YES;
				CLANG_WARN_OBJC_ROOT_CLASS = YES_ERROR;
				CLANG_WARN_RANGE_LOOP_ANALYSIS = YES;
				CLANG_WARN_STRICT_PROTOTYPES = YES;
				CLANG_WARN_SUSPICIOUS_MOVE = YES;
				CLANG_WARN_UNGUARDED_AVAILABILITY = YES_AGGRESSIVE;
				CLANG_WARN_UNREACHABLE_CODE = YES;
				CLANG_WARN__DUPLICATE_METHOD_MATCH = YES;
				CODE_SIGN_IDENTITY = "iPhone Developer";
				COPY_PHASE_STRIP = NO;
				DEBUG_INFORMATION_FORMAT = "dwarf-with-dsym";
				ENABLE_NS_ASSERTIONS = NO;
				ENABLE_STRICT_OBJC_MSGSEND = YES;
				GCC_C_LANGUAGE_STANDARD = gnu11;
				GCC_NO_COMMON_BLOCKS = YES;
				GCC_WARN_64_TO_32_BIT_CONVERSION = YES;
				GCC_WARN_ABOUT_RETURN_TYPE = YES_ERROR;
				GCC_WARN_UNDECLARED_SELECTOR = YES;
				GCC_WARN_UNINITIALIZED_AUTOS = YES_AGGRESSIVE;
				GCC_WARN_UNUSED_FUNCTION = YES;
				GCC_WARN_UNUSED_VARIABLE = YES;
				IPHONEOS_DEPLOYMENT_TARGET = 11.2;
				MTL_ENABLE_DEBUG_INFO = NO;
				SDKROOT = iphoneos;
				SWIFT_OPTIMIZATION_LEVEL = "-Owholemodule";
				VALIDATE_PRODUCT = YES;
			};
			name = Release;
		};
		584C6E7820B63EC800517A29 /* Debug */ = {
			isa = XCBuildConfiguration;
			buildSettings = {
				ASSETCATALOG_COMPILER_APPICON_NAME = AppIcon;
				CODE_SIGN_STYLE = Automatic;
				INFOPLIST_FILE = "IOS ASSIGNMENT 3/Info.plist";
				LD_RUNPATH_SEARCH_PATHS = "$(inherited) @executable_path/Frameworks";
				PRODUCT_BUNDLE_IDENTIFIER = "UTS.IOS-ASSIGNMENT-3";
				PRODUCT_NAME = "$(TARGET_NAME)";
				SWIFT_VERSION = 4.0;
				TARGETED_DEVICE_FAMILY = "1,2";
			};
			name = Debug;
		};
		584C6E7920B63EC800517A29 /* Release */ = {
			isa = XCBuildConfiguration;
			buildSettings = {
				ASSETCATALOG_COMPILER_APPICON_NAME = AppIcon;
				CODE_SIGN_STYLE = Automatic;
				INFOPLIST_FILE = "IOS ASSIGNMENT 3/Info.plist";
				LD_RUNPATH_SEARCH_PATHS = "$(inherited) @executable_path/Frameworks";
				PRODUCT_BUNDLE_IDENTIFIER = "UTS.IOS-ASSIGNMENT-3";
				PRODUCT_NAME = "$(TARGET_NAME)";
				SWIFT_VERSION = 4.0;
				TARGETED_DEVICE_FAMILY = "1,2";
			};
			name = Release;
		};
		584C6E7B20B63EC800517A29 /* Debug */ = {
			isa = XCBuildConfiguration;
			buildSettings = {
				ALWAYS_EMBED_SWIFT_STANDARD_LIBRARIES = YES;
				BUNDLE_LOADER = "$(TEST_HOST)";
				CODE_SIGN_STYLE = Automatic;
				INFOPLIST_FILE = "IOS ASSIGNMENT 3Tests/Info.plist";
				LD_RUNPATH_SEARCH_PATHS = "$(inherited) @executable_path/Frameworks @loader_path/Frameworks";
				PRODUCT_BUNDLE_IDENTIFIER = "UTS.IOS-ASSIGNMENT-3Tests";
				PRODUCT_NAME = "$(TARGET_NAME)";
				SWIFT_VERSION = 4.0;
				TARGETED_DEVICE_FAMILY = "1,2";
				TEST_HOST = "$(BUILT_PRODUCTS_DIR)/IOS ASSIGNMENT 3.app/IOS ASSIGNMENT 3";
			};
			name = Debug;
		};
		584C6E7C20B63EC800517A29 /* Release */ = {
			isa = XCBuildConfiguration;
			buildSettings = {
				ALWAYS_EMBED_SWIFT_STANDARD_LIBRARIES = YES;
				BUNDLE_LOADER = "$(TEST_HOST)";
				CODE_SIGN_STYLE = Automatic;
				INFOPLIST_FILE = "IOS ASSIGNMENT 3Tests/Info.plist";
				LD_RUNPATH_SEARCH_PATHS = "$(inherited) @executable_path/Frameworks @loader_path/Frameworks";
				PRODUCT_BUNDLE_IDENTIFIER = "UTS.IOS-ASSIGNMENT-3Tests";
				PRODUCT_NAME = "$(TARGET_NAME)";
				SWIFT_VERSION = 4.0;
				TARGETED_DEVICE_FAMILY = "1,2";
				TEST_HOST = "$(BUILT_PRODUCTS_DIR)/IOS ASSIGNMENT 3.app/IOS ASSIGNMENT 3";
			};
			name = Release;
		};
		584C6E7E20B63EC800517A29 /* Debug */ = {
			isa = XCBuildConfiguration;
			buildSettings = {
				ALWAYS_EMBED_SWIFT_STANDARD_LIBRARIES = YES;
				CODE_SIGN_STYLE = Automatic;
				INFOPLIST_FILE = "IOS ASSIGNMENT 3UITests/Info.plist";
				LD_RUNPATH_SEARCH_PATHS = "$(inherited) @executable_path/Frameworks @loader_path/Frameworks";
				PRODUCT_BUNDLE_IDENTIFIER = "UTS.IOS-ASSIGNMENT-3UITests";
				PRODUCT_NAME = "$(TARGET_NAME)";
				SWIFT_VERSION = 4.0;
				TARGETED_DEVICE_FAMILY = "1,2";
				TEST_TARGET_NAME = "IOS ASSIGNMENT 3";
			};
			name = Debug;
		};
		584C6E7F20B63EC800517A29 /* Release */ = {
			isa = XCBuildConfiguration;
			buildSettings = {
				ALWAYS_EMBED_SWIFT_STANDARD_LIBRARIES = YES;
				CODE_SIGN_STYLE = Automatic;
				INFOPLIST_FILE = "IOS ASSIGNMENT 3UITests/Info.plist";
				LD_RUNPATH_SEARCH_PATHS = "$(inherited) @executable_path/Frameworks @loader_path/Frameworks";
				PRODUCT_BUNDLE_IDENTIFIER = "UTS.IOS-ASSIGNMENT-3UITests";
				PRODUCT_NAME = "$(TARGET_NAME)";
				SWIFT_VERSION = 4.0;
				TARGETED_DEVICE_FAMILY = "1,2";
				TEST_TARGET_NAME = "IOS ASSIGNMENT 3";
			};
			name = Release;
		};
/* End XCBuildConfiguration section */

/* Begin XCConfigurationList section */
		584C6E4A20B63EC800517A29 /* Build configuration list for PBXProject "IOS ASSIGNMENT 3" */ = {
			isa = XCConfigurationList;
			buildConfigurations = (
				584C6E7520B63EC800517A29 /* Debug */,
				584C6E7620B63EC800517A29 /* Release */,
			);
			defaultConfigurationIsVisible = 0;
			defaultConfigurationName = Release;
		};
		584C6E7720B63EC800517A29 /* Build configuration list for PBXNativeTarget "IOS ASSIGNMENT 3" */ = {
			isa = XCConfigurationList;
			buildConfigurations = (
				584C6E7820B63EC800517A29 /* Debug */,
				584C6E7920B63EC800517A29 /* Release */,
			);
			defaultConfigurationIsVisible = 0;
			defaultConfigurationName = Release;
		};
		584C6E7A20B63EC800517A29 /* Build configuration list for PBXNativeTarget "IOS ASSIGNMENT 3Tests" */ = {
			isa = XCConfigurationList;
			buildConfigurations = (
				584C6E7B20B63EC800517A29 /* Debug */,
				584C6E7C20B63EC800517A29 /* Release */,
			);
			defaultConfigurationIsVisible = 0;
			defaultConfigurationName = Release;
		};
		584C6E7D20B63EC800517A29 /* Build configuration list for PBXNativeTarget "IOS ASSIGNMENT 3UITests" */ = {
			isa = XCConfigurationList;
			buildConfigurations = (
				584C6E7E20B63EC800517A29 /* Debug */,
				584C6E7F20B63EC800517A29 /* Release */,
			);
			defaultConfigurationIsVisible = 0;
			defaultConfigurationName = Release;
		};
/* End XCConfigurationList section */
	};
	rootObject = 584C6E4720B63EC800517A29 /* Project object */;
}
