// !$*UTF8*$!
{
	archiveVersion = 1;
	classes = {
	};
	objectVersion = 48;
	objects = {

/* Begin PBXBuildFile section */
		34DEB01B20B643F80035D5A6 /* AppDelegate.swift in Sources */ = {isa = PBXBuildFile; fileRef = 34DEB01A20B643F80035D5A6 /* AppDelegate.swift */; };
		34DEB01D20B643F80035D5A6 /* ViewController.swift in Sources */ = {isa = PBXBuildFile; fileRef = 34DEB01C20B643F80035D5A6 /* ViewController.swift */; };
		34DEB02020B643F80035D5A6 /* Main.storyboard in Resources */ = {isa = PBXBuildFile; fileRef = 34DEB01E20B643F80035D5A6 /* Main.storyboard */; };
		34DEB02220B643F80035D5A6 /* Assets.xcassets in Resources */ = {isa = PBXBuildFile; fileRef = 34DEB02120B643F80035D5A6 /* Assets.xcassets */; };
		34DEB02520B643F80035D5A6 /* LaunchScreen.storyboard in Resources */ = {isa = PBXBuildFile; fileRef = 34DEB02320B643F80035D5A6 /* LaunchScreen.storyboard */; };
		34DEB03020B643F90035D5A6 /* Project3Tests.swift in Sources */ = {isa = PBXBuildFile; fileRef = 34DEB02F20B643F90035D5A6 /* Project3Tests.swift */; };
		34DEB03B20B643F90035D5A6 /* Project3UITests.swift in Sources */ = {isa = PBXBuildFile; fileRef = 34DEB03A20B643F90035D5A6 /* Project3UITests.swift */; };
/* End PBXBuildFile section */

/* Begin PBXContainerItemProxy section */
		34DEB02C20B643F80035D5A6 /* PBXContainerItemProxy */ = {
			isa = PBXContainerItemProxy;
			containerPortal = 34DEB00F20B643F80035D5A6 /* Project object */;
			proxyType = 1;
			remoteGlobalIDString = 34DEB01620B643F80035D5A6;
			remoteInfo = Project3;
		};
		34DEB03720B643F90035D5A6 /* PBXContainerItemProxy */ = {
			isa = PBXContainerItemProxy;
			containerPortal = 34DEB00F20B643F80035D5A6 /* Project object */;
			proxyType = 1;
			remoteGlobalIDString = 34DEB01620B643F80035D5A6;
			remoteInfo = Project3;
		};
/* End PBXContainerItemProxy section */

/* Begin PBXFileReference section */
		34DEB01720B643F80035D5A6 /* Project3.app */ = {isa = PBXFileReference; explicitFileType = wrapper.application; includeInIndex = 0; path = Project3.app; sourceTree = BUILT_PRODUCTS_DIR; };
		34DEB01A20B643F80035D5A6 /* AppDelegate.swift */ = {isa = PBXFileReference; lastKnownFileType = sourcecode.swift; path = AppDelegate.swift; sourceTree = "<group>"; };
		34DEB01C20B643F80035D5A6 /* ViewController.swift */ = {isa = PBXFileReference; lastKnownFileType = sourcecode.swift; path = ViewController.swift; sourceTree = "<group>"; };
		34DEB01F20B643F80035D5A6 /* Base */ = {isa = PBXFileReference; lastKnownFileType = file.storyboard; name = Base; path = Base.lproj/Main.storyboard; sourceTree = "<group>"; };
		34DEB02120B643F80035D5A6 /* Assets.xcassets */ = {isa = PBXFileReference; lastKnownFileType = folder.assetcatalog; path = Assets.xcassets; sourceTree = "<group>"; };
		34DEB02420B643F80035D5A6 /* Base */ = {isa = PBXFileReference; lastKnownFileType = file.storyboard; name = Base; path = Base.lproj/LaunchScreen.storyboard; sourceTree = "<group>"; };
		34DEB02620B643F80035D5A6 /* Info.plist */ = {isa = PBXFileReference; lastKnownFileType = text.plist.xml; path = Info.plist; sourceTree = "<group>"; };
		34DEB02B20B643F80035D5A6 /* Project3Tests.xctest */ = {isa = PBXFileReference; explicitFileType = wrapper.cfbundle; includeInIndex = 0; path = Project3Tests.xctest; sourceTree = BUILT_PRODUCTS_DIR; };
		34DEB02F20B643F90035D5A6 /* Project3Tests.swift */ = {isa = PBXFileReference; lastKnownFileType = sourcecode.swift; path = Project3Tests.swift; sourceTree = "<group>"; };
		34DEB03120B643F90035D5A6 /* Info.plist */ = {isa = PBXFileReference; lastKnownFileType = text.plist.xml; path = Info.plist; sourceTree = "<group>"; };
		34DEB03620B643F90035D5A6 /* Project3UITests.xctest */ = {isa = PBXFileReference; explicitFileType = wrapper.cfbundle; includeInIndex = 0; path = Project3UITests.xctest; sourceTree = BUILT_PRODUCTS_DIR; };
		34DEB03A20B643F90035D5A6 /* Project3UITests.swift */ = {isa = PBXFileReference; lastKnownFileType = sourcecode.swift; path = Project3UITests.swift; sourceTree = "<group>"; };
		34DEB03C20B643F90035D5A6 /* Info.plist */ = {isa = PBXFileReference; lastKnownFileType = text.plist.xml; path = Info.plist; sourceTree = "<group>"; };
/* End PBXFileReference section */

/* Begin PBXFrameworksBuildPhase section */
		34DEB01420B643F80035D5A6 /* Frameworks */ = {
			isa = PBXFrameworksBuildPhase;
			buildActionMask = 2147483647;
			files = (
			);
			runOnlyForDeploymentPostprocessing = 0;
		};
		34DEB02820B643F80035D5A6 /* Frameworks */ = {
			isa = PBXFrameworksBuildPhase;
			buildActionMask = 2147483647;
			files = (
			);
			runOnlyForDeploymentPostprocessing = 0;
		};
		34DEB03320B643F90035D5A6 /* Frameworks */ = {
			isa = PBXFrameworksBuildPhase;
			buildActionMask = 2147483647;
			files = (
			);
			runOnlyForDeploymentPostprocessing = 0;
		};
/* End PBXFrameworksBuildPhase section */

/* Begin PBXGroup section */
		34DEB00E20B643F80035D5A6 = {
			isa = PBXGroup;
			children = (
				34DEB01920B643F80035D5A6 /* Project3 */,
				34DEB02E20B643F90035D5A6 /* Project3Tests */,
				34DEB03920B643F90035D5A6 /* Project3UITests */,
				34DEB01820B643F80035D5A6 /* Products */,
			);
			sourceTree = "<group>";
		};
		34DEB01820B643F80035D5A6 /* Products */ = {
			isa = PBXGroup;
			children = (
				34DEB01720B643F80035D5A6 /* Project3.app */,
				34DEB02B20B643F80035D5A6 /* Project3Tests.xctest */,
				34DEB03620B643F90035D5A6 /* Project3UITests.xctest */,
			);
			name = Products;
			sourceTree = "<group>";
		};
		34DEB01920B643F80035D5A6 /* Project3 */ = {
			isa = PBXGroup;
			children = (
				34DEB01A20B643F80035D5A6 /* AppDelegate.swift */,
				34DEB01C20B643F80035D5A6 /* ViewController.swift */,
				34DEB01E20B643F80035D5A6 /* Main.storyboard */,
				34DEB02120B643F80035D5A6 /* Assets.xcassets */,
				34DEB02320B643F80035D5A6 /* LaunchScreen.storyboard */,
				34DEB02620B643F80035D5A6 /* Info.plist */,
			);
			path = Project3;
			sourceTree = "<group>";
		};
		34DEB02E20B643F90035D5A6 /* Project3Tests */ = {
			isa = PBXGroup;
			children = (
				34DEB02F20B643F90035D5A6 /* Project3Tests.swift */,
				34DEB03120B643F90035D5A6 /* Info.plist */,
			);
			path = Project3Tests;
			sourceTree = "<group>";
		};
		34DEB03920B643F90035D5A6 /* Project3UITests */ = {
			isa = PBXGroup;
			children = (
				34DEB03A20B643F90035D5A6 /* Project3UITests.swift */,
				34DEB03C20B643F90035D5A6 /* Info.plist */,
			);
			path = Project3UITests;
			sourceTree = "<group>";
		};
/* End PBXGroup section */

/* Begin PBXNativeTarget section */
		34DEB01620B643F80035D5A6 /* Project3 */ = {
			isa = PBXNativeTarget;
			buildConfigurationList = 34DEB03F20B643F90035D5A6 /* Build configuration list for PBXNativeTarget "Project3" */;
			buildPhases = (
				34DEB01320B643F80035D5A6 /* Sources */,
				34DEB01420B643F80035D5A6 /* Frameworks */,
				34DEB01520B643F80035D5A6 /* Resources */,
			);
			buildRules = (
			);
			dependencies = (
			);
			name = Project3;
			productName = Project3;
			productReference = 34DEB01720B643F80035D5A6 /* Project3.app */;
			productType = "com.apple.product-type.application";
		};
		34DEB02A20B643F80035D5A6 /* Project3Tests */ = {
			isa = PBXNativeTarget;
			buildConfigurationList = 34DEB04220B643F90035D5A6 /* Build configuration list for PBXNativeTarget "Project3Tests" */;
			buildPhases = (
				34DEB02720B643F80035D5A6 /* Sources */,
				34DEB02820B643F80035D5A6 /* Frameworks */,
				34DEB02920B643F80035D5A6 /* Resources */,
			);
			buildRules = (
			);
			dependencies = (
				34DEB02D20B643F80035D5A6 /* PBXTargetDependency */,
			);
			name = Project3Tests;
			productName = Project3Tests;
			productReference = 34DEB02B20B643F80035D5A6 /* Project3Tests.xctest */;
			productType = "com.apple.product-type.bundle.unit-test";
		};
		34DEB03520B643F90035D5A6 /* Project3UITests */ = {
			isa = PBXNativeTarget;
			buildConfigurationList = 34DEB04520B643F90035D5A6 /* Build configuration list for PBXNativeTarget "Project3UITests" */;
			buildPhases = (
				34DEB03220B643F90035D5A6 /* Sources */,
				34DEB03320B643F90035D5A6 /* Frameworks */,
				34DEB03420B643F90035D5A6 /* Resources */,
			);
			buildRules = (
			);
			dependencies = (
				34DEB03820B643F90035D5A6 /* PBXTargetDependency */,
			);
			name = Project3UITests;
			productName = Project3UITests;
			productReference = 34DEB03620B643F90035D5A6 /* Project3UITests.xctest */;
			productType = "com.apple.product-type.bundle.ui-testing";
		};
/* End PBXNativeTarget section */

/* Begin PBXProject section */
		34DEB00F20B643F80035D5A6 /* Project object */ = {
			isa = PBXProject;
			attributes = {
				LastSwiftUpdateCheck = 0920;
				LastUpgradeCheck = 0920;
				ORGANIZATIONNAME = kevinZhang;
				TargetAttributes = {
					34DEB01620B643F80035D5A6 = {
						CreatedOnToolsVersion = 9.2;
						ProvisioningStyle = Automatic;
					};
					34DEB02A20B643F80035D5A6 = {
						CreatedOnToolsVersion = 9.2;
						ProvisioningStyle = Automatic;
						TestTargetID = 34DEB01620B643F80035D5A6;
					};
					34DEB03520B643F90035D5A6 = {
						CreatedOnToolsVersion = 9.2;
						ProvisioningStyle = Automatic;
						TestTargetID = 34DEB01620B643F80035D5A6;
					};
				};
			};
			buildConfigurationList = 34DEB01220B643F80035D5A6 /* Build configuration list for PBXProject "Project3" */;
			compatibilityVersion = "Xcode 8.0";
			developmentRegion = en;
			hasScannedForEncodings = 0;
			knownRegions = (
				en,
				Base,
			);
			mainGroup = 34DEB00E20B643F80035D5A6;
			productRefGroup = 34DEB01820B643F80035D5A6 /* Products */;
			projectDirPath = "";
			projectRoot = "";
			targets = (
				34DEB01620B643F80035D5A6 /* Project3 */,
				34DEB02A20B643F80035D5A6 /* Project3Tests */,
				34DEB03520B643F90035D5A6 /* Project3UITests */,
			);
		};
/* End PBXProject section */

/* Begin PBXResourcesBuildPhase section */
		34DEB01520B643F80035D5A6 /* Resources */ = {
			isa = PBXResourcesBuildPhase;
			buildActionMask = 2147483647;
			files = (
				34DEB02520B643F80035D5A6 /* LaunchScreen.storyboard in Resources */,
				34DEB02220B643F80035D5A6 /* Assets.xcassets in Resources */,
				34DEB02020B643F80035D5A6 /* Main.storyboard in Resources */,
			);
			runOnlyForDeploymentPostprocessing = 0;
		};
		34DEB02920B643F80035D5A6 /* Resources */ = {
			isa = PBXResourcesBuildPhase;
			buildActionMask = 2147483647;
			files = (
			);
			runOnlyForDeploymentPostprocessing = 0;
		};
		34DEB03420B643F90035D5A6 /* Resources */ = {
			isa = PBXResourcesBuildPhase;
			buildActionMask = 2147483647;
			files = (
			);
			runOnlyForDeploymentPostprocessing = 0;
		};
/* End PBXResourcesBuildPhase section */

/* Begin PBXSourcesBuildPhase section */
		34DEB01320B643F80035D5A6 /* Sources */ = {
			isa = PBXSourcesBuildPhase;
			buildActionMask = 2147483647;
			files = (
				34DEB01D20B643F80035D5A6 /* ViewController.swift in Sources */,
				34DEB01B20B643F80035D5A6 /* AppDelegate.swift in Sources */,
			);
			runOnlyForDeploymentPostprocessing = 0;
		};
		34DEB02720B643F80035D5A6 /* Sources */ = {
			isa = PBXSourcesBuildPhase;
			buildActionMask = 2147483647;
			files = (
				34DEB03020B643F90035D5A6 /* Project3Tests.swift in Sources */,
			);
			runOnlyForDeploymentPostprocessing = 0;
		};
		34DEB03220B643F90035D5A6 /* Sources */ = {
			isa = PBXSourcesBuildPhase;
			buildActionMask = 2147483647;
			files = (
				34DEB03B20B643F90035D5A6 /* Project3UITests.swift in Sources */,
			);
			runOnlyForDeploymentPostprocessing = 0;
		};
/* End PBXSourcesBuildPhase section */

/* Begin PBXTargetDependency section */
		34DEB02D20B643F80035D5A6 /* PBXTargetDependency */ = {
			isa = PBXTargetDependency;
			target = 34DEB01620B643F80035D5A6 /* Project3 */;
			targetProxy = 34DEB02C20B643F80035D5A6 /* PBXContainerItemProxy */;
		};
		34DEB03820B643F90035D5A6 /* PBXTargetDependency */ = {
			isa = PBXTargetDependency;
			target = 34DEB01620B643F80035D5A6 /* Project3 */;
			targetProxy = 34DEB03720B643F90035D5A6 /* PBXContainerItemProxy */;
		};
/* End PBXTargetDependency section */

/* Begin PBXVariantGroup section */
		34DEB01E20B643F80035D5A6 /* Main.storyboard */ = {
			isa = PBXVariantGroup;
			children = (
				34DEB01F20B643F80035D5A6 /* Base */,
			);
			name = Main.storyboard;
			sourceTree = "<group>";
		};
		34DEB02320B643F80035D5A6 /* LaunchScreen.storyboard */ = {
			isa = PBXVariantGroup;
			children = (
				34DEB02420B643F80035D5A6 /* Base */,
			);
			name = LaunchScreen.storyboard;
			sourceTree = "<group>";
		};
/* End PBXVariantGroup section */

/* Begin XCBuildConfiguration section */
		34DEB03D20B643F90035D5A6 /* Debug */ = {
			isa = XCBuildConfiguration;
			buildSettings = {
				ALWAYS_SEARCH_USER_PATHS = NO;
				CLANG_ANALYZER_NONNULL = YES;
				CLANG_ANALYZER_NUMBER_OBJECT_CONVERSION = YES_AGGRESSIVE;
				CLANG_CXX_LANGUAGE_STANDARD = "gnu++14";
				CLANG_CXX_LIBRARY = "libc++";
				CLANG_ENABLE_MODULES = YES;
				CLANG_ENABLE_OBJC_ARC = YES;
				CLANG_WARN_BLOCK_CAPTURE_AUTORELEASING = YES;
				CLANG_WARN_BOOL_CONVERSION = YES;
				CLANG_WARN_COMMA = YES;
				CLANG_WARN_CONSTANT_CONVERSION = YES;
				CLANG_WARN_DIRECT_OBJC_ISA_USAGE = YES_ERROR;
				CLANG_WARN_DOCUMENTATION_COMMENTS = YES;
				CLANG_WARN_EMPTY_BODY = YES;
				CLANG_WARN_ENUM_CONVERSION = YES;
				CLANG_WARN_INFINITE_RECURSION = YES;
				CLANG_WARN_INT_CONVERSION = YES;
				CLANG_WARN_NON_LITERAL_NULL_CONVERSION = YES;
				CLANG_WARN_OBJC_LITERAL_CONVERSION = YES;
				CLANG_WARN_OBJC_ROOT_CLASS = YES_ERROR;
				CLANG_WARN_RANGE_LOOP_ANALYSIS = YES;
				CLANG_WARN_STRICT_PROTOTYPES = YES;
				CLANG_WARN_SUSPICIOUS_MOVE = YES;
				CLANG_WARN_UNGUARDED_AVAILABILITY = YES_AGGRESSIVE;
				CLANG_WARN_UNREACHABLE_CODE = YES;
				CLANG_WARN__DUPLICATE_METHOD_MATCH = YES;
				CODE_SIGN_IDENTITY = "iPhone Developer";
				COPY_PHASE_STRIP = NO;
				DEBUG_INFORMATION_FORMAT = dwarf;
				ENABLE_STRICT_OBJC_MSGSEND = YES;
				ENABLE_TESTABILITY = YES;
				GCC_C_LANGUAGE_STANDARD = gnu11;
				GCC_DYNAMIC_NO_PIC = NO;
				GCC_NO_COMMON_BLOCKS = YES;
				GCC_OPTIMIZATION_LEVEL = 0;
				GCC_PREPROCESSOR_DEFINITIONS = (
					"DEBUG=1",
					"$(inherited)",
				);
				GCC_WARN_64_TO_32_BIT_CONVERSION = YES;
				GCC_WARN_ABOUT_RETURN_TYPE = YES_ERROR;
				GCC_WARN_UNDECLARED_SELECTOR = YES;
				GCC_WARN_UNINITIALIZED_AUTOS = YES_AGGRESSIVE;
				GCC_WARN_UNUSED_FUNCTION = YES;
				GCC_WARN_UNUSED_VARIABLE = YES;
				IPHONEOS_DEPLOYMENT_TARGET = 11.2;
				MTL_ENABLE_DEBUG_INFO = YES;
				ONLY_ACTIVE_ARCH = YES;
				SDKROOT = iphoneos;
				SWIFT_ACTIVE_COMPILATION_CONDITIONS = DEBUG;
				SWIFT_OPTIMIZATION_LEVEL = "-Onone";
			};
			name = Debug;
		};
		34DEB03E20B643F90035D5A6 /* Release */ = {
			isa = XCBuildConfiguration;
			buildSettings = {
				ALWAYS_SEARCH_USER_PATHS = NO;
				CLANG_ANALYZER_NONNULL = YES;
				CLANG_ANALYZER_NUMBER_OBJECT_CONVERSION = YES_AGGRESSIVE;
				CLANG_CXX_LANGUAGE_STANDARD = "gnu++14";
				CLANG_CXX_LIBRARY = "libc++";
				CLANG_ENABLE_MODULES = YES;
				CLANG_ENABLE_OBJC_ARC = YES;
				CLANG_WARN_BLOCK_CAPTURE_AUTORELEASING = YES;
				CLANG_WARN_BOOL_CONVERSION = YES;
				CLANG_WARN_COMMA = YES;
				CLANG_WARN_CONSTANT_CONVERSION = YES;
				CLANG_WARN_DIRECT_OBJC_ISA_USAGE = YES_ERROR;
				CLANG_WARN_DOCUMENTATION_COMMENTS = YES;
				CLANG_WARN_EMPTY_BODY = YES;
				CLANG_WARN_ENUM_CONVERSION = YES;
				CLANG_WARN_INFINITE_RECURSION = YES;
				CLANG_WARN_INT_CONVERSION = YES;
				CLANG_WARN_NON_LITERAL_NULL_CONVERSION = YES;
				CLANG_WARN_OBJC_LITERAL_CONVERSION = YES;
				CLANG_WARN_OBJC_ROOT_CLASS = YES_ERROR;
				CLANG_WARN_RANGE_LOOP_ANALYSIS = YES;
				CLANG_WARN_STRICT_PROTOTYPES = YES;
				CLANG_WARN_SUSPICIOUS_MOVE = YES;
				CLANG_WARN_UNGUARDED_AVAILABILITY = YES_AGGRESSIVE;
				CLANG_WARN_UNREACHABLE_CODE = YES;
				CLANG_WARN__DUPLICATE_METHOD_MATCH = YES;
				CODE_SIGN_IDENTITY = "iPhone Developer";
				COPY_PHASE_STRIP = NO;
				DEBUG_INFORMATION_FORMAT = "dwarf-with-dsym";
				ENABLE_NS_ASSERTIONS = NO;
				ENABLE_STRICT_OBJC_MSGSEND = YES;
				GCC_C_LANGUAGE_STANDARD = gnu11;
				GCC_NO_COMMON_BLOCKS = YES;
				GCC_WARN_64_TO_32_BIT_CONVERSION = YES;
				GCC_WARN_ABOUT_RETURN_TYPE = YES_ERROR;
				GCC_WARN_UNDECLARED_SELECTOR = YES;
				GCC_WARN_UNINITIALIZED_AUTOS = YES_AGGRESSIVE;
				GCC_WARN_UNUSED_FUNCTION = YES;
				GCC_WARN_UNUSED_VARIABLE = YES;
				IPHONEOS_DEPLOYMENT_TARGET = 11.2;
				MTL_ENABLE_DEBUG_INFO = NO;
				SDKROOT = iphoneos;
				SWIFT_OPTIMIZATION_LEVEL = "-Owholemodule";
				VALIDATE_PRODUCT = YES;
			};
			name = Release;
		};
		34DEB04020B643F90035D5A6 /* Debug */ = {
			isa = XCBuildConfiguration;
			buildSettings = {
				ASSETCATALOG_COMPILER_APPICON_NAME = AppIcon;
				CODE_SIGN_STYLE = Automatic;
				INFOPLIST_FILE = Project3/Info.plist;
				LD_RUNPATH_SEARCH_PATHS = "$(inherited) @executable_path/Frameworks";
				PRODUCT_BUNDLE_IDENTIFIER = uts.Project3;
				PRODUCT_NAME = "$(TARGET_NAME)";
				SWIFT_VERSION = 4.0;
				TARGETED_DEVICE_FAMILY = "1,2";
			};
			name = Debug;
		};
		34DEB04120B643F90035D5A6 /* Release */ = {
			isa = XCBuildConfiguration;
			buildSettings = {
				ASSETCATALOG_COMPILER_APPICON_NAME = AppIcon;
				CODE_SIGN_STYLE = Automatic;
				INFOPLIST_FILE = Project3/Info.plist;
				LD_RUNPATH_SEARCH_PATHS = "$(inherited) @executable_path/Frameworks";
				PRODUCT_BUNDLE_IDENTIFIER = uts.Project3;
				PRODUCT_NAME = "$(TARGET_NAME)";
				SWIFT_VERSION = 4.0;
				TARGETED_DEVICE_FAMILY = "1,2";
			};
			name = Release;
		};
		34DEB04320B643F90035D5A6 /* Debug */ = {
			isa = XCBuildConfiguration;
			buildSettings = {
				ALWAYS_EMBED_SWIFT_STANDARD_LIBRARIES = YES;
				BUNDLE_LOADER = "$(TEST_HOST)";
				CODE_SIGN_STYLE = Automatic;
				INFOPLIST_FILE = Project3Tests/Info.plist;
				LD_RUNPATH_SEARCH_PATHS = "$(inherited) @executable_path/Frameworks @loader_path/Frameworks";
				PRODUCT_BUNDLE_IDENTIFIER = uts.Project3Tests;
				PRODUCT_NAME = "$(TARGET_NAME)";
				SWIFT_VERSION = 4.0;
				TARGETED_DEVICE_FAMILY = "1,2";
				TEST_HOST = "$(BUILT_PRODUCTS_DIR)/Project3.app/Project3";
			};
			name = Debug;
		};
		34DEB04420B643F90035D5A6 /* Release */ = {
			isa = XCBuildConfiguration;
			buildSettings = {
				ALWAYS_EMBED_SWIFT_STANDARD_LIBRARIES = YES;
				BUNDLE_LOADER = "$(TEST_HOST)";
				CODE_SIGN_STYLE = Automatic;
				INFOPLIST_FILE = Project3Tests/Info.plist;
				LD_RUNPATH_SEARCH_PATHS = "$(inherited) @executable_path/Frameworks @loader_path/Frameworks";
				PRODUCT_BUNDLE_IDENTIFIER = uts.Project3Tests;
				PRODUCT_NAME = "$(TARGET_NAME)";
				SWIFT_VERSION = 4.0;
				TARGETED_DEVICE_FAMILY = "1,2";
				TEST_HOST = "$(BUILT_PRODUCTS_DIR)/Project3.app/Project3";
			};
			name = Release;
		};
		34DEB04620B643F90035D5A6 /* Debug */ = {
			isa = XCBuildConfiguration;
			buildSettings = {
				ALWAYS_EMBED_SWIFT_STANDARD_LIBRARIES = YES;
				CODE_SIGN_STYLE = Automatic;
				INFOPLIST_FILE = Project3UITests/Info.plist;
				LD_RUNPATH_SEARCH_PATHS = "$(inherited) @executable_path/Frameworks @loader_path/Frameworks";
				PRODUCT_BUNDLE_IDENTIFIER = uts.Project3UITests;
				PRODUCT_NAME = "$(TARGET_NAME)";
				SWIFT_VERSION = 4.0;
				TARGETED_DEVICE_FAMILY = "1,2";
				TEST_TARGET_NAME = Project3;
			};
			name = Debug;
		};
		34DEB04720B643F90035D5A6 /* Release */ = {
			isa = XCBuildConfiguration;
			buildSettings = {
				ALWAYS_EMBED_SWIFT_STANDARD_LIBRARIES = YES;
				CODE_SIGN_STYLE = Automatic;
				INFOPLIST_FILE = Project3UITests/Info.plist;
				LD_RUNPATH_SEARCH_PATHS = "$(inherited) @executable_path/Frameworks @loader_path/Frameworks";
				PRODUCT_BUNDLE_IDENTIFIER = uts.Project3UITests;
				PRODUCT_NAME = "$(TARGET_NAME)";
				SWIFT_VERSION = 4.0;
				TARGETED_DEVICE_FAMILY = "1,2";
				TEST_TARGET_NAME = Project3;
			};
			name = Release;
		};
/* End XCBuildConfiguration section */

/* Begin XCConfigurationList section */
		34DEB01220B643F80035D5A6 /* Build configuration list for PBXProject "Project3" */ = {
			isa = XCConfigurationList;
			buildConfigurations = (
				34DEB03D20B643F90035D5A6 /* Debug */,
				34DEB03E20B643F90035D5A6 /* Release */,
			);
			defaultConfigurationIsVisible = 0;
			defaultConfigurationName = Release;
		};
		34DEB03F20B643F90035D5A6 /* Build configuration list for PBXNativeTarget "Project3" */ = {
			isa = XCConfigurationList;
			buildConfigurations = (
				34DEB04020B643F90035D5A6 /* Debug */,
				34DEB04120B643F90035D5A6 /* Release */,
			);
			defaultConfigurationIsVisible = 0;
			defaultConfigurationName = Release;
		};
		34DEB04220B643F90035D5A6 /* Build configuration list for PBXNativeTarget "Project3Tests" */ = {
			isa = XCConfigurationList;
			buildConfigurations = (
				34DEB04320B643F90035D5A6 /* Debug */,
				34DEB04420B643F90035D5A6 /* Release */,
			);
			defaultConfigurationIsVisible = 0;
			defaultConfigurationName = Release;
		};
		34DEB04520B643F90035D5A6 /* Build configuration list for PBXNativeTarget "Project3UITests" */ = {
			isa = XCConfigurationList;
			buildConfigurations = (
				34DEB04620B643F90035D5A6 /* Debug */,
				34DEB04720B643F90035D5A6 /* Release */,
			);
			defaultConfigurationIsVisible = 0;
			defaultConfigurationName = Release;
		};
/* End XCConfigurationList section */
	};
	rootObject = 34DEB00F20B643F80035D5A6 /* Project object */;
}
